{
  "name": "editor",
  "version": "1.0.0",
  "lockfileVersion": 2,
  "requires": true,
  "packages": {
    "": {
      "version": "1.0.0",
      "license": "MIT",
      "dependencies": {
        "@editorjs/checklist": "^1.3.0",
        "@editorjs/code": "^2.7.0",
        "@editorjs/delimiter": "^1.2.0",
        "@editorjs/editorjs": "^2.23.2",
        "@editorjs/inline-code": "^1.3.1",
        "@editorjs/link-autocomplete": "^0.0.0",
        "@editorjs/marker": "^1.2.2",
        "@editorjs/nested-list": "^1.0.2",
        "@editorjs/quote": "^2.4.0",
        "@editorjs/raw": "^2.3.0",
        "@editorjs/simple-image": "^1.4.1",
        "@editorjs/table": "^2.0.1",
        "@editorjs/underline": "^1.0.0",
        "@stegopop/link-autocomplete": "^0.0.1",
        "editorjs-alert": "^1.0.3",
        "editorjs-button": "^1.0.3",
        "editorjs-drag-drop": "^0.2.2",
        "editorjs-header-with-anchor": "^2.6.0",
        "editorjs-inline-image": "^1.1.0"
      }
    },
    "node_modules/@editorjs/checklist": {
      "version": "1.3.0",
      "resolved": "https://registry.npmjs.org/@editorjs/checklist/-/checklist-1.3.0.tgz",
      "integrity": "sha512-087oW0oOIE5HX8llj4Eap/reFDFw8VCLlp6GU0E9GEp7f3zy2aV6KdFR+6dbYhZ50w7tSnkMpCAcSq1NXJeB4Q=="
    },
    "node_modules/@editorjs/code": {
      "version": "2.7.0",
      "resolved": "https://registry.npmjs.org/@editorjs/code/-/code-2.7.0.tgz",
      "integrity": "sha512-gXtTce915fHp3H9i4IqhTxEDbbkT2heFfYiW/bhFHsCmZDpyGzfZxi94kmrEqDmbxXjV49ZZ6GZbR26If13KJw=="
    },
    "node_modules/@editorjs/delimiter": {
      "version": "1.2.0",
      "resolved": "https://registry.npmjs.org/@editorjs/delimiter/-/delimiter-1.2.0.tgz",
      "integrity": "sha512-GKsCFPk85vH5FuCuVQ48NTLc9hk0T3DsBH9zABaicTYIJayFcUa8N4/Y+L3i4tduzDqqyvoxkv+5n43GmC5gEA=="
    },
    "node_modules/@editorjs/editorjs": {
      "version": "2.23.2",
      "resolved": "https://registry.npmjs.org/@editorjs/editorjs/-/editorjs-2.23.2.tgz",
      "integrity": "sha512-SXWQjxE/ZO6zWvo83U+gfkM9LVJzYOtNkttyXkdfyYALVWiENyxtlej/Jmd1TZ4yWpKwQEICPXz0ceGkzKnJyQ==",
      "dependencies": {
        "codex-notifier": "^1.1.2",
        "codex-tooltip": "^1.0.4",
        "nanoid": "^3.1.22"
      }
    },
    "node_modules/@editorjs/inline-code": {
      "version": "1.3.1",
      "resolved": "https://registry.npmjs.org/@editorjs/inline-code/-/inline-code-1.3.1.tgz",
      "integrity": "sha512-iY6DeRmJo2Jl6sB2S9QEA9OoSp+KCHBztoY2fjPeiBcKCOKX8we5H3JQJTLxT0L/N8uJqCUiiPKgG6xvqaCn+g=="
    },
    "node_modules/@editorjs/link-autocomplete": {
      "version": "0.0.0",
      "resolved": "https://registry.npmjs.org/@editorjs/link-autocomplete/-/link-autocomplete-0.0.0.tgz",
      "integrity": "sha512-q4Z4fAGUQVItTZT5uQ8/QcNCDq5VYMqDZ0NJpEiWSHSnX/Cq2/TUI6IBSSkuIdEg97Vs7gCjyRRhHVbneOgM6Q=="
    },
    "node_modules/@editorjs/marker": {
      "version": "1.2.2",
      "resolved": "https://registry.npmjs.org/@editorjs/marker/-/marker-1.2.2.tgz",
      "integrity": "sha512-BN/IHbVKKahGnMAiBOV5U7XUjfF6JkIkTZ6qNLxtTr7PUPM8UsJV8G8pyll9CX+XRUYYZyokA2kEBHTS4vUyyw=="
    },
    "node_modules/@editorjs/nested-list": {
      "version": "1.0.2",
      "resolved": "https://registry.npmjs.org/@editorjs/nested-list/-/nested-list-1.0.2.tgz",
      "integrity": "sha512-NumQfEivI29lOAuDMyVhn+VXUDGvWUPJMkjgKlUYRbnwgnPL4tK007+UzoVPLxv/f6lPOqeKcApvCj/MfskPNw=="
    },
    "node_modules/@editorjs/quote": {
      "version": "2.4.0",
      "resolved": "https://registry.npmjs.org/@editorjs/quote/-/quote-2.4.0.tgz",
      "integrity": "sha512-IWOBWjL2ngPP63GcIAltyD9kc7OVZFma4kS+T5JRHvKKDspYsnmrxsbRmCPc+coZQzqPxXHkiOZuNMdmGX/Y3w=="
    },
    "node_modules/@editorjs/raw": {
      "version": "2.3.0",
      "resolved": "https://registry.npmjs.org/@editorjs/raw/-/raw-2.3.0.tgz",
      "integrity": "sha512-wC+3pTQVB2hvDcF4mcMgOr7DhO432lGYqOam/CwfyyfG5BDqaPrwgZTiVyteZ25D5ZQD677IVYZ48oX33+2HgQ=="
    },
    "node_modules/@editorjs/simple-image": {
      "version": "1.4.1",
      "resolved": "https://registry.npmjs.org/@editorjs/simple-image/-/simple-image-1.4.1.tgz",
      "integrity": "sha512-8lqcMYKrxhnDNasqq4Id9/SwXymSofVb4SJBC7gQoJmNG9bfRgVEXLsEUnuLzn8ixkAYlK2oNTc7ioZdD8bEOw=="
    },
    "node_modules/@editorjs/table": {
      "version": "2.0.1",
      "resolved": "https://registry.npmjs.org/@editorjs/table/-/table-2.0.1.tgz",
      "integrity": "sha512-PB8VM+GPRwGy7IlF+WrEQw2A2c36xEXBnYIvf2VGNJo8A7PjYHtuWrlyHHCnGpY4lHXYnavZ/U8pKAfXv86XjA=="
    },
    "node_modules/@editorjs/underline": {
      "version": "1.0.0",
      "resolved": "https://registry.npmjs.org/@editorjs/underline/-/underline-1.0.0.tgz",
      "integrity": "sha512-2qbmr6/Y5ZIsfmJeAxLujCndc5wpIEQ2uxoPIdR3uHIUQhA6Q28U5HdoGpEZwsP1d7e/A/vBhN18Ugro0iA0MQ=="
    },
    "node_modules/@stegopop/link-autocomplete": {
      "version": "0.0.1",
      "resolved": "https://registry.npmjs.org/@stegopop/link-autocomplete/-/link-autocomplete-0.0.1.tgz",
      "integrity": "sha512-VmP8MI3B9qtTlpLJiFNLexVFz7bj7uep1Vp+/Xtbyobt20G1qeH5m0cC6JguyVvPXQh+doK7M9uzzIqhwTumIw=="
    },
    "node_modules/axios": {
      "version": "0.26.0",
      "resolved": "https://registry.npmjs.org/axios/-/axios-0.26.0.tgz",
      "integrity": "sha512-lKoGLMYtHvFrPVt3r+RBMp9nh34N0M8zEfCWqdWZx6phynIEhQqAdydpyBAAG211zlhX9Rgu08cOamy6XjE5Og==",
      "dependencies": {
        "follow-redirects": "^1.14.8"
      }
    },
    "node_modules/codex-notifier": {
      "version": "1.1.2",
      "resolved": "https://registry.npmjs.org/codex-notifier/-/codex-notifier-1.1.2.tgz",
      "integrity": "sha512-DCp6xe/LGueJ1N5sXEwcBc3r3PyVkEEDNWCVigfvywAkeXcZMk9K41a31tkEFBW0Ptlwji6/JlAb49E3Yrxbtg=="
    },
    "node_modules/codex-tooltip": {
      "version": "1.0.5",
      "resolved": "https://registry.npmjs.org/codex-tooltip/-/codex-tooltip-1.0.5.tgz",
      "integrity": "sha512-IuA8LeyLU5p1B+HyhOsqR6oxyFQ11k3i9e9aXw40CrHFTRO2Y1npNBVU3W1SvhKAbUU7R/YikUBdcYFP0RcJag=="
    },
    "node_modules/editorjs-alert": {
      "version": "1.0.3",
      "resolved": "https://registry.npmjs.org/editorjs-alert/-/editorjs-alert-1.0.3.tgz",
      "integrity": "sha512-YsKp0BBmswueE2zh0Lj2YflFA/9pvguHTSsy6uh00p3lattflW33ow4CSYD0JFe3y+TqqD8VoB/IlS7C9fKu0Q=="
    },
    "node_modules/editorjs-button": {
      "version": "1.0.4",
      "resolved": "https://registry.npmjs.org/editorjs-button/-/editorjs-button-1.0.4.tgz",
      "integrity": "sha512-3wn8VrcGgil0gCTrgJNktiYnsC8YdS1TueNOyWr2geZLSUE9KPSVyQpPAduCdVEy+wbWQqrftczENNdLpxDGsQ=="
    },
    "node_modules/editorjs-drag-drop": {
      "version": "0.2.2",
      "resolved": "https://registry.npmjs.org/editorjs-drag-drop/-/editorjs-drag-drop-0.2.2.tgz",
      "integrity": "sha512-Ey3nNvIGuyUQetE+BiEsb8n2FrZmHnm1H/t38pwBvon2X6bZ1j8mpxd7WGT0dpJJUMKPlSTH0x3KPKyvigmgWQ=="
    },
    "node_modules/editorjs-header-with-anchor": {
      "version": "2.6.0",
      "resolved": "https://registry.npmjs.org/editorjs-header-with-anchor/-/editorjs-header-with-anchor-2.6.0.tgz",
      "integrity": "sha512-krI4GBxAJvgmS0R2RGnaN4QTDMuobu2Qcx1HZ5fJQohyIhEI4GD0uiOpVFZ7oFiDNRRvqn6e8lQin4W2rLOu9A=="
    },
    "node_modules/editorjs-inline-image": {
      "version": "1.1.0",
      "resolved": "https://registry.npmjs.org/editorjs-inline-image/-/editorjs-inline-image-1.1.0.tgz",
      "integrity": "sha512-TPBAuZLT9MOCwaGI5/q+pG5YIUYuik174Vf59jRZFS/iu8VCj2aUcW8t1jno140sV/YyBRMlCxgZ6sUeAzVAAg==",
      "dependencies": {
        "axios": "0.26.0"
      }
    },
    "node_modules/follow-redirects": {
      "version": "1.14.9",
      "resolved": "https://registry.npmjs.org/follow-redirects/-/follow-redirects-1.14.9.tgz",
      "integrity": "sha512-MQDfihBQYMcyy5dhRDJUHcw7lb2Pv/TuE6xP1vyraLukNDHKbDxDNaOE3NbCAdKQApno+GPRyo1YAp89yCjK4w==",
      "funding": [
        {
          "type": "individual",
          "url": "https://github.com/sponsors/RubenVerborgh"
        }
      ],
      "engines": {
        "node": ">=4.0"
      },
      "peerDependenciesMeta": {
        "debug": {
          "optional": true
        }
      }
    },
    "node_modules/nanoid": {
      "version": "3.3.2",
      "resolved": "https://registry.npmjs.org/nanoid/-/nanoid-3.3.2.tgz",
      "integrity": "sha512-CuHBogktKwpm5g2sRgv83jEy2ijFzBwMoYA60orPDR7ynsLijJDqgsi4RDGj3OJpy3Ieb+LYwiRmIOGyytgITA==",
      "bin": {
        "nanoid": "bin/nanoid.cjs"
      },
      "engines": {
        "node": "^10 || ^12 || ^13.7 || ^14 || >=15.0.1"
      }
    }
  },
  "dependencies": {
    "@editorjs/checklist": {
      "version": "1.3.0",
      "resolved": "https://registry.npmjs.org/@editorjs/checklist/-/checklist-1.3.0.tgz",
      "integrity": "sha512-087oW0oOIE5HX8llj4Eap/reFDFw8VCLlp6GU0E9GEp7f3zy2aV6KdFR+6dbYhZ50w7tSnkMpCAcSq1NXJeB4Q=="
    },
    "@editorjs/code": {
      "version": "2.7.0",
      "resolved": "https://registry.npmjs.org/@editorjs/code/-/code-2.7.0.tgz",
      "integrity": "sha512-gXtTce915fHp3H9i4IqhTxEDbbkT2heFfYiW/bhFHsCmZDpyGzfZxi94kmrEqDmbxXjV49ZZ6GZbR26If13KJw=="
    },
    "@editorjs/delimiter": {
      "version": "1.2.0",
      "resolved": "https://registry.npmjs.org/@editorjs/delimiter/-/delimiter-1.2.0.tgz",
      "integrity": "sha512-GKsCFPk85vH5FuCuVQ48NTLc9hk0T3DsBH9zABaicTYIJayFcUa8N4/Y+L3i4tduzDqqyvoxkv+5n43GmC5gEA=="
    },
    "@editorjs/editorjs": {
      "version": "2.23.2",
      "resolved": "https://registry.npmjs.org/@editorjs/editorjs/-/editorjs-2.23.2.tgz",
      "integrity": "sha512-SXWQjxE/ZO6zWvo83U+gfkM9LVJzYOtNkttyXkdfyYALVWiENyxtlej/Jmd1TZ4yWpKwQEICPXz0ceGkzKnJyQ==",
      "requires": {
        "codex-notifier": "^1.1.2",
        "codex-tooltip": "^1.0.4",
        "nanoid": "^3.1.22"
      }
    },
    "@editorjs/inline-code": {
      "version": "1.3.1",
      "resolved": "https://registry.npmjs.org/@editorjs/inline-code/-/inline-code-1.3.1.tgz",
      "integrity": "sha512-iY6DeRmJo2Jl6sB2S9QEA9OoSp+KCHBztoY2fjPeiBcKCOKX8we5H3JQJTLxT0L/N8uJqCUiiPKgG6xvqaCn+g=="
    },
    "@editorjs/link-autocomplete": {
      "version": "0.0.0",
      "resolved": "https://registry.npmjs.org/@editorjs/link-autocomplete/-/link-autocomplete-0.0.0.tgz",
      "integrity": "sha512-q4Z4fAGUQVItTZT5uQ8/QcNCDq5VYMqDZ0NJpEiWSHSnX/Cq2/TUI6IBSSkuIdEg97Vs7gCjyRRhHVbneOgM6Q=="
    },
    "@editorjs/marker": {
      "version": "1.2.2",
      "resolved": "https://registry.npmjs.org/@editorjs/marker/-/marker-1.2.2.tgz",
      "integrity": "sha512-BN/IHbVKKahGnMAiBOV5U7XUjfF6JkIkTZ6qNLxtTr7PUPM8UsJV8G8pyll9CX+XRUYYZyokA2kEBHTS4vUyyw=="
    },
    "@editorjs/nested-list": {
      "version": "1.0.2",
      "resolved": "https://registry.npmjs.org/@editorjs/nested-list/-/nested-list-1.0.2.tgz",
      "integrity": "sha512-NumQfEivI29lOAuDMyVhn+VXUDGvWUPJMkjgKlUYRbnwgnPL4tK007+UzoVPLxv/f6lPOqeKcApvCj/MfskPNw=="
    },
    "@editorjs/quote": {
      "version": "2.4.0",
      "resolved": "https://registry.npmjs.org/@editorjs/quote/-/quote-2.4.0.tgz",
      "integrity": "sha512-IWOBWjL2ngPP63GcIAltyD9kc7OVZFma4kS+T5JRHvKKDspYsnmrxsbRmCPc+coZQzqPxXHkiOZuNMdmGX/Y3w=="
    },
    "@editorjs/raw": {
      "version": "2.3.0",
      "resolved": "https://registry.npmjs.org/@editorjs/raw/-/raw-2.3.0.tgz",
      "integrity": "sha512-wC+3pTQVB2hvDcF4mcMgOr7DhO432lGYqOam/CwfyyfG5BDqaPrwgZTiVyteZ25D5ZQD677IVYZ48oX33+2HgQ=="
    },
    "@editorjs/simple-image": {
      "version": "1.4.1",
      "resolved": "https://registry.npmjs.org/@editorjs/simple-image/-/simple-image-1.4.1.tgz",
      "integrity": "sha512-8lqcMYKrxhnDNasqq4Id9/SwXymSofVb4SJBC7gQoJmNG9bfRgVEXLsEUnuLzn8ixkAYlK2oNTc7ioZdD8bEOw=="
    },
    "@editorjs/table": {
      "version": "2.0.1",
      "resolved": "https://registry.npmjs.org/@editorjs/table/-/table-2.0.1.tgz",
      "integrity": "sha512-PB8VM+GPRwGy7IlF+WrEQw2A2c36xEXBnYIvf2VGNJo8A7PjYHtuWrlyHHCnGpY4lHXYnavZ/U8pKAfXv86XjA=="
    },
    "@editorjs/underline": {
      "version": "1.0.0",
      "resolved": "https://registry.npmjs.org/@editorjs/underline/-/underline-1.0.0.tgz",
      "integrity": "sha512-2qbmr6/Y5ZIsfmJeAxLujCndc5wpIEQ2uxoPIdR3uHIUQhA6Q28U5HdoGpEZwsP1d7e/A/vBhN18Ugro0iA0MQ=="
    },
    "@stegopop/link-autocomplete": {
      "version": "0.0.1",
      "resolved": "https://registry.npmjs.org/@stegopop/link-autocomplete/-/link-autocomplete-0.0.1.tgz",
      "integrity": "sha512-VmP8MI3B9qtTlpLJiFNLexVFz7bj7uep1Vp+/Xtbyobt20G1qeH5m0cC6JguyVvPXQh+doK7M9uzzIqhwTumIw=="
    },
    "axios": {
      "version": "0.26.0",
      "resolved": "https://registry.npmjs.org/axios/-/axios-0.26.0.tgz",
      "integrity": "sha512-lKoGLMYtHvFrPVt3r+RBMp9nh34N0M8zEfCWqdWZx6phynIEhQqAdydpyBAAG211zlhX9Rgu08cOamy6XjE5Og==",
      "requires": {
        "follow-redirects": "^1.14.8"
      }
    },
    "codex-notifier": {
      "version": "1.1.2",
      "resolved": "https://registry.npmjs.org/codex-notifier/-/codex-notifier-1.1.2.tgz",
      "integrity": "sha512-DCp6xe/LGueJ1N5sXEwcBc3r3PyVkEEDNWCVigfvywAkeXcZMk9K41a31tkEFBW0Ptlwji6/JlAb49E3Yrxbtg=="
    },
    "codex-tooltip": {
      "version": "1.0.5",
      "resolved": "https://registry.npmjs.org/codex-tooltip/-/codex-tooltip-1.0.5.tgz",
      "integrity": "sha512-IuA8LeyLU5p1B+HyhOsqR6oxyFQ11k3i9e9aXw40CrHFTRO2Y1npNBVU3W1SvhKAbUU7R/YikUBdcYFP0RcJag=="
    },
    "editorjs-alert": {
      "version": "1.0.3",
      "resolved": "https://registry.npmjs.org/editorjs-alert/-/editorjs-alert-1.0.3.tgz",
      "integrity": "sha512-YsKp0BBmswueE2zh0Lj2YflFA/9pvguHTSsy6uh00p3lattflW33ow4CSYD0JFe3y+TqqD8VoB/IlS7C9fKu0Q=="
    },
    "editorjs-button": {
      "version": "1.0.4",
      "resolved": "https://registry.npmjs.org/editorjs-button/-/editorjs-button-1.0.4.tgz",
      "integrity": "sha512-3wn8VrcGgil0gCTrgJNktiYnsC8YdS1TueNOyWr2geZLSUE9KPSVyQpPAduCdVEy+wbWQqrftczENNdLpxDGsQ=="
    },
    "editorjs-drag-drop": {
      "version": "0.2.2",
      "resolved": "https://registry.npmjs.org/editorjs-drag-drop/-/editorjs-drag-drop-0.2.2.tgz",
      "integrity": "sha512-Ey3nNvIGuyUQetE+BiEsb8n2FrZmHnm1H/t38pwBvon2X6bZ1j8mpxd7WGT0dpJJUMKPlSTH0x3KPKyvigmgWQ=="
    },
    "editorjs-header-with-anchor": {
      "version": "2.6.0",
      "resolved": "https://registry.npmjs.org/editorjs-header-with-anchor/-/editorjs-header-with-anchor-2.6.0.tgz",
      "integrity": "sha512-krI4GBxAJvgmS0R2RGnaN4QTDMuobu2Qcx1HZ5fJQohyIhEI4GD0uiOpVFZ7oFiDNRRvqn6e8lQin4W2rLOu9A=="
    },
    "editorjs-inline-image": {
      "version": "1.1.0",
      "resolved": "https://registry.npmjs.org/editorjs-inline-image/-/editorjs-inline-image-1.1.0.tgz",
      "integrity": "sha512-TPBAuZLT9MOCwaGI5/q+pG5YIUYuik174Vf59jRZFS/iu8VCj2aUcW8t1jno140sV/YyBRMlCxgZ6sUeAzVAAg==",
      "requires": {
        "axios": "0.26.0"
      }
    },
    "follow-redirects": {
      "version": "1.14.9",
      "resolved": "https://registry.npmjs.org/follow-redirects/-/follow-redirects-1.14.9.tgz",
      "integrity": "sha512-MQDfihBQYMcyy5dhRDJUHcw7lb2Pv/TuE6xP1vyraLukNDHKbDxDNaOE3NbCAdKQApno+GPRyo1YAp89yCjK4w=="
    },
    "nanoid": {
      "version": "3.3.2",
      "resolved": "https://registry.npmjs.org/nanoid/-/nanoid-3.3.2.tgz",
      "integrity": "sha512-CuHBogktKwpm5g2sRgv83jEy2ijFzBwMoYA60orPDR7ynsLijJDqgsi4RDGj3OJpy3Ieb+LYwiRmIOGyytgITA=="
    }
  }
}
